Microsoft Visual Studio Solution File, Format Version 12.00
# Visual Studio Version 16
VisualStudioVersion = 16.0.30503.244
MinimumVisualStudioVersion = 15.0.26124.0
Project("{2150E333-8FDC-42A3-9474-1A3956D46DE8}") = "src", "src", "{C397A34C-84F1-49E7-AEBC-2F9F2B196216}"
EndProject
Project("{6EC3EE1D-3C4E-46DD-8F32-0CC8E7565705}") = "Semester", "src\Semester\Semester.fsproj", "{5D30E174-2538-47AC-8443-318C8C5DC2C9}"
EndProject
Project("{2150E333-8FDC-42A3-9474-1A3956D46DE8}") = "tests", "tests", "{ACBEE43C-7A88-4FB1-9B06-DB064D22B29F}"
EndProject
Project("{6EC3EE1D-3C4E-46DD-8F32-0CC8E7565705}") = "Semester.Tests", "tests\Semester.Tests\Semester.Tests.fsproj", "{1CA2E092-2320-451D-A4F0-9ED7C7C528CA}"
EndProject
Project("{6EC3EE1D-3C4E-46DD-8F32-0CC8E7565705}") = "Sorting", "src\Sorting\Sorting.fsproj", "{B61FA744-1FA1-4CA6-90BA-FFC5C74F6BF7}"
EndProject
Project("{6EC3EE1D-3C4E-46DD-8F32-0CC8E7565705}") = "Sorting.Tests", "tests\Sorting.Tests\Sorting.Tests.fsproj", "{B363633A-DD5C-422B-BD6C-4A3FA10770C5}"
EndProject
Project("{6EC3EE1D-3C4E-46DD-8F32-0CC8E7565705}") = "bMatrix", "src\BoolMatrix\bMatrix.fsproj", "{17013C92-EC94-4CA9-A8BA-85D193A8178F}"
EndProject
Project("{6EC3EE1D-3C4E-46DD-8F32-0CC8E7565705}") = "BoolMrtxTest", "tests\BoolMatrixForTest.Tests\BoolMrtxTest.fsproj", "{F0E2CA2E-E21D-4BFF-9481-0F5A8BB77757}"
	ProjectSection(ProjectDependencies) = postProject
		{17013C92-EC94-4CA9-A8BA-85D193A8178F} = {17013C92-EC94-4CA9-A8BA-85D193A8178F}
	EndProjectSection
EndProject
Global
	GlobalSection(SolutionConfigurationPlatforms) = preSolution
		Debug|Any CPU = Debug|Any CPU
		Debug|x64 = Debug|x64
		Debug|x86 = Debug|x86
		Release|Any CPU = Release|Any CPU
		Release|x64 = Release|x64
		Release|x86 = Release|x86
	EndGlobalSection
	GlobalSection(ProjectConfigurationPlatforms) = postSolution
		{5D30E174-2538-47AC-8443-318C8C5DC2C9}.Debug|Any CPU.ActiveCfg = Debug|Any CPU
		{5D30E174-2538-47AC-8443-318C8C5DC2C9}.Debug|Any CPU.Build.0 = Debug|Any CPU
		{5D30E174-2538-47AC-8443-318C8C5DC2C9}.Debug|x64.ActiveCfg = Debug|x64
		{5D30E174-2538-47AC-8443-318C8C5DC2C9}.Debug|x64.Build.0 = Debug|x64
		{5D30E174-2538-47AC-8443-318C8C5DC2C9}.Debug|x86.ActiveCfg = Debug|x86
		{5D30E174-2538-47AC-8443-318C8C5DC2C9}.Debug|x86.Build.0 = Debug|x86
		{5D30E174-2538-47AC-8443-318C8C5DC2C9}.Release|Any CPU.ActiveCfg = Release|Any CPU
		{5D30E174-2538-47AC-8443-318C8C5DC2C9}.Release|Any CPU.Build.0 = Release|Any CPU
		{5D30E174-2538-47AC-8443-318C8C5DC2C9}.Release|x64.ActiveCfg = Release|x64
		{5D30E174-2538-47AC-8443-318C8C5DC2C9}.Release|x64.Build.0 = Release|x64
		{5D30E174-2538-47AC-8443-318C8C5DC2C9}.Release|x86.ActiveCfg = Release|x86
		{5D30E174-2538-47AC-8443-318C8C5DC2C9}.Release|x86.Build.0 = Release|x86
		{1CA2E092-2320-451D-A4F0-9ED7C7C528CA}.Debug|Any CPU.ActiveCfg = Debug|Any CPU
		{1CA2E092-2320-451D-A4F0-9ED7C7C528CA}.Debug|Any CPU.Build.0 = Debug|Any CPU
		{1CA2E092-2320-451D-A4F0-9ED7C7C528CA}.Debug|x64.ActiveCfg = Debug|x64
		{1CA2E092-2320-451D-A4F0-9ED7C7C528CA}.Debug|x64.Build.0 = Debug|x64
		{1CA2E092-2320-451D-A4F0-9ED7C7C528CA}.Debug|x86.ActiveCfg = Debug|x86
		{1CA2E092-2320-451D-A4F0-9ED7C7C528CA}.Debug|x86.Build.0 = Debug|x86
		{1CA2E092-2320-451D-A4F0-9ED7C7C528CA}.Release|Any CPU.ActiveCfg = Release|Any CPU
		{1CA2E092-2320-451D-A4F0-9ED7C7C528CA}.Release|Any CPU.Build.0 = Release|Any CPU
		{1CA2E092-2320-451D-A4F0-9ED7C7C528CA}.Release|x64.ActiveCfg = Release|x64
		{1CA2E092-2320-451D-A4F0-9ED7C7C528CA}.Release|x64.Build.0 = Release|x64
		{1CA2E092-2320-451D-A4F0-9ED7C7C528CA}.Release|x86.ActiveCfg = Release|x86
		{1CA2E092-2320-451D-A4F0-9ED7C7C528CA}.Release|x86.Build.0 = Release|x86
		{B61FA744-1FA1-4CA6-90BA-FFC5C74F6BF7}.Debug|Any CPU.ActiveCfg = Debug|Any CPU
		{B61FA744-1FA1-4CA6-90BA-FFC5C74F6BF7}.Debug|Any CPU.Build.0 = Debug|Any CPU
		{B61FA744-1FA1-4CA6-90BA-FFC5C74F6BF7}.Debug|x64.ActiveCfg = Debug|Any CPU
		{B61FA744-1FA1-4CA6-90BA-FFC5C74F6BF7}.Debug|x64.Build.0 = Debug|Any CPU
		{B61FA744-1FA1-4CA6-90BA-FFC5C74F6BF7}.Debug|x86.ActiveCfg = Debug|Any CPU
		{B61FA744-1FA1-4CA6-90BA-FFC5C74F6BF7}.Debug|x86.Build.0 = Debug|Any CPU
		{B61FA744-1FA1-4CA6-90BA-FFC5C74F6BF7}.Release|Any CPU.ActiveCfg = Release|Any CPU
		{B61FA744-1FA1-4CA6-90BA-FFC5C74F6BF7}.Release|Any CPU.Build.0 = Release|Any CPU
		{B61FA744-1FA1-4CA6-90BA-FFC5C74F6BF7}.Release|x64.ActiveCfg = Release|Any CPU
		{B61FA744-1FA1-4CA6-90BA-FFC5C74F6BF7}.Release|x64.Build.0 = Release|Any CPU
		{B61FA744-1FA1-4CA6-90BA-FFC5C74F6BF7}.Release|x86.ActiveCfg = Release|Any CPU
		{B61FA744-1FA1-4CA6-90BA-FFC5C74F6BF7}.Release|x86.Build.0 = Release|Any CPU
		{B363633A-DD5C-422B-BD6C-4A3FA10770C5}.Debug|Any CPU.ActiveCfg = Debug|Any CPU
		{B363633A-DD5C-422B-BD6C-4A3FA10770C5}.Debug|Any CPU.Build.0 = Debug|Any CPU
		{B363633A-DD5C-422B-BD6C-4A3FA10770C5}.Debug|x64.ActiveCfg = Debug|Any CPU
		{B363633A-DD5C-422B-BD6C-4A3FA10770C5}.Debug|x64.Build.0 = Debug|Any CPU
		{B363633A-DD5C-422B-BD6C-4A3FA10770C5}.Debug|x86.ActiveCfg = Debug|Any CPU
		{B363633A-DD5C-422B-BD6C-4A3FA10770C5}.Debug|x86.Build.0 = Debug|Any CPU
		{B363633A-DD5C-422B-BD6C-4A3FA10770C5}.Release|Any CPU.ActiveCfg = Release|Any CPU
		{B363633A-DD5C-422B-BD6C-4A3FA10770C5}.Release|Any CPU.Build.0 = Release|Any CPU
		{B363633A-DD5C-422B-BD6C-4A3FA10770C5}.Release|x64.ActiveCfg = Release|Any CPU
		{B363633A-DD5C-422B-BD6C-4A3FA10770C5}.Release|x64.Build.0 = Release|Any CPU
		{B363633A-DD5C-422B-BD6C-4A3FA10770C5}.Release|x86.ActiveCfg = Release|Any CPU
		{B363633A-DD5C-422B-BD6C-4A3FA10770C5}.Release|x86.Build.0 = Release|Any CPU
		{17013C92-EC94-4CA9-A8BA-85D193A8178F}.Debug|Any CPU.ActiveCfg = Debug|Any CPU
		{17013C92-EC94-4CA9-A8BA-85D193A8178F}.Debug|Any CPU.Build.0 = Debug|Any CPU
		{17013C92-EC94-4CA9-A8BA-85D193A8178F}.Debug|x64.ActiveCfg = Debug|Any CPU
		{17013C92-EC94-4CA9-A8BA-85D193A8178F}.Debug|x64.Build.0 = Debug|Any CPU
		{17013C92-EC94-4CA9-A8BA-85D193A8178F}.Debug|x86.ActiveCfg = Debug|Any CPU
		{17013C92-EC94-4CA9-A8BA-85D193A8178F}.Debug|x86.Build.0 = Debug|Any CPU
		{17013C92-EC94-4CA9-A8BA-85D193A8178F}.Release|Any CPU.ActiveCfg = Release|Any CPU
		{17013C92-EC94-4CA9-A8BA-85D193A8178F}.Release|Any CPU.Build.0 = Release|Any CPU
		{17013C92-EC94-4CA9-A8BA-85D193A8178F}.Release|x64.ActiveCfg = Release|Any CPU
		{17013C92-EC94-4CA9-A8BA-85D193A8178F}.Release|x64.Build.0 = Release|Any CPU
		{17013C92-EC94-4CA9-A8BA-85D193A8178F}.Release|x86.ActiveCfg = Release|Any CPU
		{17013C92-EC94-4CA9-A8BA-85D193A8178F}.Release|x86.Build.0 = Release|Any CPU
		{F0E2CA2E-E21D-4BFF-9481-0F5A8BB77757}.Debug|Any CPU.ActiveCfg = Debug|Any CPU
		{F0E2CA2E-E21D-4BFF-9481-0F5A8BB77757}.Debug|Any CPU.Build.0 = Debug|Any CPU
		{F0E2CA2E-E21D-4BFF-9481-0F5A8BB77757}.Debug|x64.ActiveCfg = Debug|Any CPU
		{F0E2CA2E-E21D-4BFF-9481-0F5A8BB77757}.Debug|x64.Build.0 = Debug|Any CPU
		{F0E2CA2E-E21D-4BFF-9481-0F5A8BB77757}.Debug|x86.ActiveCfg = Debug|Any CPU
		{F0E2CA2E-E21D-4BFF-9481-0F5A8BB77757}.Debug|x86.Build.0 = Debug|Any CPU
		{F0E2CA2E-E21D-4BFF-9481-0F5A8BB77757}.Release|Any CPU.ActiveCfg = Release|Any CPU
		{F0E2CA2E-E21D-4BFF-9481-0F5A8BB77757}.Release|Any CPU.Build.0 = Release|Any CPU
		{F0E2CA2E-E21D-4BFF-9481-0F5A8BB77757}.Release|x64.ActiveCfg = Release|Any CPU
		{F0E2CA2E-E21D-4BFF-9481-0F5A8BB77757}.Release|x64.Build.0 = Release|Any CPU
		{F0E2CA2E-E21D-4BFF-9481-0F5A8BB77757}.Release|x86.ActiveCfg = Release|Any CPU
		{F0E2CA2E-E21D-4BFF-9481-0F5A8BB77757}.Release|x86.Build.0 = Release|Any CPU
	EndGlobalSection
	GlobalSection(SolutionProperties) = preSolution
		HideSolutionNode = FALSE
	EndGlobalSection
	GlobalSection(NestedProjects) = preSolution
		{5D30E174-2538-47AC-8443-318C8C5DC2C9} = {C397A34C-84F1-49E7-AEBC-2F9F2B196216}
		{1CA2E092-2320-451D-A4F0-9ED7C7C528CA} = {ACBEE43C-7A88-4FB1-9B06-DB064D22B29F}
		{B61FA744-1FA1-4CA6-90BA-FFC5C74F6BF7} = {C397A34C-84F1-49E7-AEBC-2F9F2B196216}
		{B363633A-DD5C-422B-BD6C-4A3FA10770C5} = {ACBEE43C-7A88-4FB1-9B06-DB064D22B29F}
		{17013C92-EC94-4CA9-A8BA-85D193A8178F} = {C397A34C-84F1-49E7-AEBC-2F9F2B196216}
		{F0E2CA2E-E21D-4BFF-9481-0F5A8BB77757} = {ACBEE43C-7A88-4FB1-9B06-DB064D22B29F}
	EndGlobalSection
	GlobalSection(ExtensibilityGlobals) = postSolution
		SolutionGuid = {044DD1E7-E624-4F3F-BD64-F5CFB8EDB86E}
	EndGlobalSection
EndGlobal
